
Microsoft Visual Studio Solution File, Format Version 12.00
# Visual Studio Version 17
VisualStudioVersion = 17.0.31903.59
MinimumVisualStudioVersion = 10.0.40219.1
Project("{FAE04EC0-301F-11D3-BF4B-00C04F79EFBC}") = "ArrayPoolCollection", "ArrayPoolCollection\ArrayPoolCollection.csproj", "{CE5FB4D4-135F-4F3E-931D-E55C7ED24A48}"
EndProject
Project("{FAE04EC0-301F-11D3-BF4B-00C04F79EFBC}") = "ArrayPoolCollection.Benchmark", "ArrayPoolCollection.Benchmark\ArrayPoolCollection.Benchmark.csproj", "{D60629B9-0EFC-4729-B9FF-842F46B25F1B}"
EndProject
Project("{FAE04EC0-301F-11D3-BF4B-00C04F79EFBC}") = "ArrayPoolCollection.Tests", "ArrayPoolCollection.Tests\ArrayPoolCollection.Tests.csproj", "{7EAA6536-D0AF-4FA1-9643-35A10D1744EF}"
EndProject
Project("{FAE04EC0-301F-11D3-BF4B-00C04F79EFBC}") = "ArrayPoolCollection.MemoryPack", "ArrayPoolCollection.MemoryPack\ArrayPoolCollection.MemoryPack.csproj", "{43582650-DDF2-4002-84EB-B7457363DE0D}"
EndProject
Global
	GlobalSection(SolutionConfigurationPlatforms) = preSolution
		Debug|Any CPU = Debug|Any CPU
		Debug|x64 = Debug|x64
		Debug|x86 = Debug|x86
		Release|Any CPU = Release|Any CPU
		Release|x64 = Release|x64
		Release|x86 = Release|x86
	EndGlobalSection
	GlobalSection(ProjectConfigurationPlatforms) = postSolution
		{CE5FB4D4-135F-4F3E-931D-E55C7ED24A48}.Debug|Any CPU.ActiveCfg = Debug|Any CPU
		{CE5FB4D4-135F-4F3E-931D-E55C7ED24A48}.Debug|Any CPU.Build.0 = Debug|Any CPU
		{CE5FB4D4-135F-4F3E-931D-E55C7ED24A48}.Debug|x64.ActiveCfg = Debug|Any CPU
		{CE5FB4D4-135F-4F3E-931D-E55C7ED24A48}.Debug|x64.Build.0 = Debug|Any CPU
		{CE5FB4D4-135F-4F3E-931D-E55C7ED24A48}.Debug|x86.ActiveCfg = Debug|Any CPU
		{CE5FB4D4-135F-4F3E-931D-E55C7ED24A48}.Debug|x86.Build.0 = Debug|Any CPU
		{CE5FB4D4-135F-4F3E-931D-E55C7ED24A48}.Release|Any CPU.ActiveCfg = Release|Any CPU
		{CE5FB4D4-135F-4F3E-931D-E55C7ED24A48}.Release|Any CPU.Build.0 = Release|Any CPU
		{CE5FB4D4-135F-4F3E-931D-E55C7ED24A48}.Release|x64.ActiveCfg = Release|Any CPU
		{CE5FB4D4-135F-4F3E-931D-E55C7ED24A48}.Release|x64.Build.0 = Release|Any CPU
		{CE5FB4D4-135F-4F3E-931D-E55C7ED24A48}.Release|x86.ActiveCfg = Release|Any CPU
		{CE5FB4D4-135F-4F3E-931D-E55C7ED24A48}.Release|x86.Build.0 = Release|Any CPU
		{D60629B9-0EFC-4729-B9FF-842F46B25F1B}.Debug|Any CPU.ActiveCfg = Debug|Any CPU
		{D60629B9-0EFC-4729-B9FF-842F46B25F1B}.Debug|Any CPU.Build.0 = Debug|Any CPU
		{D60629B9-0EFC-4729-B9FF-842F46B25F1B}.Debug|x64.ActiveCfg = Debug|Any CPU
		{D60629B9-0EFC-4729-B9FF-842F46B25F1B}.Debug|x64.Build.0 = Debug|Any CPU
		{D60629B9-0EFC-4729-B9FF-842F46B25F1B}.Debug|x86.ActiveCfg = Debug|Any CPU
		{D60629B9-0EFC-4729-B9FF-842F46B25F1B}.Debug|x86.Build.0 = Debug|Any CPU
		{D60629B9-0EFC-4729-B9FF-842F46B25F1B}.Release|Any CPU.ActiveCfg = Release|Any CPU
		{D60629B9-0EFC-4729-B9FF-842F46B25F1B}.Release|Any CPU.Build.0 = Release|Any CPU
		{D60629B9-0EFC-4729-B9FF-842F46B25F1B}.Release|x64.ActiveCfg = Release|Any CPU
		{D60629B9-0EFC-4729-B9FF-842F46B25F1B}.Release|x64.Build.0 = Release|Any CPU
		{D60629B9-0EFC-4729-B9FF-842F46B25F1B}.Release|x86.ActiveCfg = Release|Any CPU
		{D60629B9-0EFC-4729-B9FF-842F46B25F1B}.Release|x86.Build.0 = Release|Any CPU
		{7EAA6536-D0AF-4FA1-9643-35A10D1744EF}.Debug|Any CPU.ActiveCfg = Debug|Any CPU
		{7EAA6536-D0AF-4FA1-9643-35A10D1744EF}.Debug|Any CPU.Build.0 = Debug|Any CPU
		{7EAA6536-D0AF-4FA1-9643-35A10D1744EF}.Debug|x64.ActiveCfg = Debug|Any CPU
		{7EAA6536-D0AF-4FA1-9643-35A10D1744EF}.Debug|x64.Build.0 = Debug|Any CPU
		{7EAA6536-D0AF-4FA1-9643-35A10D1744EF}.Debug|x86.ActiveCfg = Debug|Any CPU
		{7EAA6536-D0AF-4FA1-9643-35A10D1744EF}.Debug|x86.Build.0 = Debug|Any CPU
		{7EAA6536-D0AF-4FA1-9643-35A10D1744EF}.Release|Any CPU.ActiveCfg = Release|Any CPU
		{7EAA6536-D0AF-4FA1-9643-35A10D1744EF}.Release|Any CPU.Build.0 = Release|Any CPU
		{7EAA6536-D0AF-4FA1-9643-35A10D1744EF}.Release|x64.ActiveCfg = Release|Any CPU
		{7EAA6536-D0AF-4FA1-9643-35A10D1744EF}.Release|x64.Build.0 = Release|Any CPU
		{7EAA6536-D0AF-4FA1-9643-35A10D1744EF}.Release|x86.ActiveCfg = Release|Any CPU
		{7EAA6536-D0AF-4FA1-9643-35A10D1744EF}.Release|x86.Build.0 = Release|Any CPU
		{43582650-DDF2-4002-84EB-B7457363DE0D}.Debug|Any CPU.ActiveCfg = Debug|Any CPU
		{43582650-DDF2-4002-84EB-B7457363DE0D}.Debug|Any CPU.Build.0 = Debug|Any CPU
		{43582650-DDF2-4002-84EB-B7457363DE0D}.Debug|x64.ActiveCfg = Debug|Any CPU
		{43582650-DDF2-4002-84EB-B7457363DE0D}.Debug|x64.Build.0 = Debug|Any CPU
		{43582650-DDF2-4002-84EB-B7457363DE0D}.Debug|x86.ActiveCfg = Debug|Any CPU
		{43582650-DDF2-4002-84EB-B7457363DE0D}.Debug|x86.Build.0 = Debug|Any CPU
		{43582650-DDF2-4002-84EB-B7457363DE0D}.Release|Any CPU.ActiveCfg = Release|Any CPU
		{43582650-DDF2-4002-84EB-B7457363DE0D}.Release|Any CPU.Build.0 = Release|Any CPU
		{43582650-DDF2-4002-84EB-B7457363DE0D}.Release|x64.ActiveCfg = Release|Any CPU
		{43582650-DDF2-4002-84EB-B7457363DE0D}.Release|x64.Build.0 = Release|Any CPU
		{43582650-DDF2-4002-84EB-B7457363DE0D}.Release|x86.ActiveCfg = Release|Any CPU
		{43582650-DDF2-4002-84EB-B7457363DE0D}.Release|x86.Build.0 = Release|Any CPU
	EndGlobalSection
	GlobalSection(SolutionProperties) = preSolution
		HideSolutionNode = FALSE
	EndGlobalSection
EndGlobal
